
Microsoft Visual Studio Solution File, Format Version 12.00
# Visual Studio Version 17
VisualStudioVersion = 17.13.35825.156
MinimumVisualStudioVersion = 10.0.40219.1
Project("{FAE04EC0-301F-11D3-BF4B-00C04F79EFBC}") = "DriveManager.Server", "DriveManager.Server\DriveManager.Server.csproj", "{D676010C-C681-4578-87F9-E5EAFF5DFB53}"
EndProject
Global
	GlobalSection(SolutionConfigurationPlatforms) = preSolution
		Debug|Any CPU = Debug|Any CPU
		Release|Any CPU = Release|Any CPU
	EndGlobalSection
	GlobalSection(ProjectConfigurationPlatforms) = postSolution
		{D676010C-C681-4578-87F9-E5EAFF5DFB53}.Debug|Any CPU.ActiveCfg = Debug|Any CPU
		{D676010C-C681-4578-87F9-E5EAFF5DFB53}.Debug|Any CPU.Build.0 = Debug|Any CPU
		{D676010C-C681-4578-87F9-E5EAFF5DFB53}.Release|Any CPU.ActiveCfg = Release|Any CPU
		{D676010C-C681-4578-87F9-E5EAFF5DFB53}.Release|Any CPU.Build.0 = Release|Any CPU
	EndGlobalSection
	GlobalSection(SolutionProperties) = preSolution
		HideSolutionNode = FALSE
	EndGlobalSection
	GlobalSection(ExtensibilityGlobals) = postSolution
		SolutionGuid = {3460F7D9-DF75-4AD9-AA89-C487EF993B29}
	EndGlobalSection
EndGlobal
